
Microsoft Visual Studio Solution File, Format Version 12.00
Project("{FAE04EC0-301F-11D3-BF4B-00C04F79EFBC}") = "Currency.Api", "Currency.Api\Currency.Api.csproj", "{FBFF6205-7B75-4F9C-8888-D54055255210}"
EndProject
Project("{FAE04EC0-301F-11D3-BF4B-00C04F79EFBC}") = "Currency.Facades", "Currency.Facades\Currency.Facades.csproj", "{44EA4775-03A6-4EFA-892F-71C4AE002E67}"
EndProject
Project("{FAE04EC0-301F-11D3-BF4B-00C04F79EFBC}") = "Currency.Facades.Contracts", "Currency.Facades.Contracts\Currency.Facades.Contracts.csproj", "{74AA5FCB-7AE3-4E02-8EBB-182AC3414F0C}"
EndProject
Project("{FAE04EC0-301F-11D3-BF4B-00C04F79EFBC}") = "Currency.Services", "Currency.Services\Currency.Services.csproj", "{70C436D8-B080-4835-90B6-AAC98706303D}"
EndProject
Project("{FAE04EC0-301F-11D3-BF4B-00C04F79EFBC}") = "Currency.Services.Contracts", "Currency.Services.Contracts\Currency.Services.Contracts.csproj", "{403AF69E-5D0C-48DF-ACAB-E4D0CFBFC834}"
EndProject
Project("{FAE04EC0-301F-11D3-BF4B-00C04F79EFBC}") = "Currency.Data", "Currency.Data\Currency.Data.csproj", "{C96C2C56-87E1-4A38-A98F-E1B3C8629800}"
EndProject
Project("{FAE04EC0-301F-11D3-BF4B-00C04F79EFBC}") = "Currency.Data.Contracts", "Currency.Data.Contracts\Currency.Data.Contracts.csproj", "{233AB85F-A08D-44DE-AEA5-EC7B3D0A02F2}"
EndProject
Project("{2150E333-8FDC-42A3-9474-1A3956D46DE8}") = "Tests", "Tests", "{CAB45B09-3192-407E-AFAF-251C0CFE7313}"
EndProject
Project("{FAE04EC0-301F-11D3-BF4B-00C04F79EFBC}") = "Currency.Domain", "Currency.Domain\Currency.Domain.csproj", "{CAB744BC-A4D1-42EE-91AB-B55D622A8FCB}"
EndProject
Project("{2150E333-8FDC-42A3-9474-1A3956D46DE8}") = "UnitTests", "UnitTests", "{B1FD9BD5-7D1A-4E44-B8BF-F349FD362008}"
EndProject
Project("{FAE04EC0-301F-11D3-BF4B-00C04F79EFBC}") = "Currency.Api.Tests", "Tests\UnitTests\Currency.Api.Tests\Currency.Api.Tests.csproj", "{2F7C21D1-5B1A-4B8B-A45C-3A1DC42EB2FA}"
EndProject
Project("{FAE04EC0-301F-11D3-BF4B-00C04F79EFBC}") = "Currency.Data.Tests", "Tests\UnitTests\Currency.Data.Tests\Currency.Data.Tests.csproj", "{748E73D4-70F7-4330-9B26-A38ECC8095C4}"
EndProject
Project("{FAE04EC0-301F-11D3-BF4B-00C04F79EFBC}") = "Currency.Facades.Tests", "Tests\UnitTests\Currency.Facades.Tests\Currency.Facades.Tests.csproj", "{FCC916F0-7A8D-4288-B096-B64486513949}"
EndProject
Project("{FAE04EC0-301F-11D3-BF4B-00C04F79EFBC}") = "Currency.Services.Tests", "Tests\UnitTests\Currency.Services.Tests\Currency.Services.Tests.csproj", "{F95A4CC9-265B-4F06-BD49-AF173D81DD99}"
EndProject
Project("{FAE04EC0-301F-11D3-BF4B-00C04F79EFBC}") = "Currency.Infrastructure", "Currency.Infrastructure\Currency.Infrastructure.csproj", "{3DD38D96-A180-413F-9D91-00721D563E87}"
EndProject
Project("{FAE04EC0-301F-11D3-BF4B-00C04F79EFBC}") = "Currency.Infrastructure.Contracts", "Currency.Infrastructure.Contracts\Currency.Infrastructure.Contracts.csproj", "{F911C88B-8697-41ED-8DAA-0B2E5AEEFBA8}"
EndProject
Project("{FAE04EC0-301F-11D3-BF4B-00C04F79EFBC}") = "Currency.Infrastructure.Tests", "Tests\UnitTests\Currency.Infrastructure.Tests\Currency.Infrastructure.Tests.csproj", "{97B29B28-AD66-4C48-AFCD-DA5061ADCF2D}"
EndProject
Project("{2150E333-8FDC-42A3-9474-1A3956D46DE8}") = "IntegrationTests", "IntegrationTests", "{6EF5AF5C-4EA7-4F10-B981-30D816307430}"
EndProject
Project("{FAE04EC0-301F-11D3-BF4B-00C04F79EFBC}") = "Currency.IntegrationTests.Api", "Tests\IntegrationTests\Currency.IntegrationTests.Api\Currency.IntegrationTests.Api.csproj", "{CC18B837-377B-443E-81F6-5C16E32771A6}"
EndProject
Project("{FAE04EC0-301F-11D3-BF4B-00C04F79EFBC}") = "Currency.Common", "Currency.Common\Currency.Common.csproj", "{5CA9B6A9-8800-4096-894F-0BB2765BEEBF}"
EndProject
Project("{FAE04EC0-301F-11D3-BF4B-00C04F79EFBC}") = "Currency.UnitTests", "Tests\UnitTests\Currency.UnitTests\Currency.UnitTests.csproj", "{F7E874FE-C3B8-49FB-9CA4-8EDED1D55CD7}"
EndProject
Global
	GlobalSection(SolutionConfigurationPlatforms) = preSolution
		Debug|Any CPU = Debug|Any CPU
		Release|Any CPU = Release|Any CPU
	EndGlobalSection
	GlobalSection(ProjectConfigurationPlatforms) = postSolution
		{FBFF6205-7B75-4F9C-8888-D54055255210}.Debug|Any CPU.ActiveCfg = Debug|Any CPU
		{FBFF6205-7B75-4F9C-8888-D54055255210}.Debug|Any CPU.Build.0 = Debug|Any CPU
		{FBFF6205-7B75-4F9C-8888-D54055255210}.Release|Any CPU.ActiveCfg = Release|Any CPU
		{FBFF6205-7B75-4F9C-8888-D54055255210}.Release|Any CPU.Build.0 = Release|Any CPU
		{44EA4775-03A6-4EFA-892F-71C4AE002E67}.Debug|Any CPU.ActiveCfg = Debug|Any CPU
		{44EA4775-03A6-4EFA-892F-71C4AE002E67}.Debug|Any CPU.Build.0 = Debug|Any CPU
		{44EA4775-03A6-4EFA-892F-71C4AE002E67}.Release|Any CPU.ActiveCfg = Release|Any CPU
		{44EA4775-03A6-4EFA-892F-71C4AE002E67}.Release|Any CPU.Build.0 = Release|Any CPU
		{74AA5FCB-7AE3-4E02-8EBB-182AC3414F0C}.Debug|Any CPU.ActiveCfg = Debug|Any CPU
		{74AA5FCB-7AE3-4E02-8EBB-182AC3414F0C}.Debug|Any CPU.Build.0 = Debug|Any CPU
		{74AA5FCB-7AE3-4E02-8EBB-182AC3414F0C}.Release|Any CPU.ActiveCfg = Release|Any CPU
		{74AA5FCB-7AE3-4E02-8EBB-182AC3414F0C}.Release|Any CPU.Build.0 = Release|Any CPU
		{70C436D8-B080-4835-90B6-AAC98706303D}.Debug|Any CPU.ActiveCfg = Debug|Any CPU
		{70C436D8-B080-4835-90B6-AAC98706303D}.Debug|Any CPU.Build.0 = Debug|Any CPU
		{70C436D8-B080-4835-90B6-AAC98706303D}.Release|Any CPU.ActiveCfg = Release|Any CPU
		{70C436D8-B080-4835-90B6-AAC98706303D}.Release|Any CPU.Build.0 = Release|Any CPU
		{403AF69E-5D0C-48DF-ACAB-E4D0CFBFC834}.Debug|Any CPU.ActiveCfg = Debug|Any CPU
		{403AF69E-5D0C-48DF-ACAB-E4D0CFBFC834}.Debug|Any CPU.Build.0 = Debug|Any CPU
		{403AF69E-5D0C-48DF-ACAB-E4D0CFBFC834}.Release|Any CPU.ActiveCfg = Release|Any CPU
		{403AF69E-5D0C-48DF-ACAB-E4D0CFBFC834}.Release|Any CPU.Build.0 = Release|Any CPU
		{C96C2C56-87E1-4A38-A98F-E1B3C8629800}.Debug|Any CPU.ActiveCfg = Debug|Any CPU
		{C96C2C56-87E1-4A38-A98F-E1B3C8629800}.Debug|Any CPU.Build.0 = Debug|Any CPU
		{C96C2C56-87E1-4A38-A98F-E1B3C8629800}.Release|Any CPU.ActiveCfg = Release|Any CPU
		{C96C2C56-87E1-4A38-A98F-E1B3C8629800}.Release|Any CPU.Build.0 = Release|Any CPU
		{233AB85F-A08D-44DE-AEA5-EC7B3D0A02F2}.Debug|Any CPU.ActiveCfg = Debug|Any CPU
		{233AB85F-A08D-44DE-AEA5-EC7B3D0A02F2}.Debug|Any CPU.Build.0 = Debug|Any CPU
		{233AB85F-A08D-44DE-AEA5-EC7B3D0A02F2}.Release|Any CPU.ActiveCfg = Release|Any CPU
		{233AB85F-A08D-44DE-AEA5-EC7B3D0A02F2}.Release|Any CPU.Build.0 = Release|Any CPU
		{CAB744BC-A4D1-42EE-91AB-B55D622A8FCB}.Debug|Any CPU.ActiveCfg = Debug|Any CPU
		{CAB744BC-A4D1-42EE-91AB-B55D622A8FCB}.Debug|Any CPU.Build.0 = Debug|Any CPU
		{CAB744BC-A4D1-42EE-91AB-B55D622A8FCB}.Release|Any CPU.ActiveCfg = Release|Any CPU
		{CAB744BC-A4D1-42EE-91AB-B55D622A8FCB}.Release|Any CPU.Build.0 = Release|Any CPU
		{2F7C21D1-5B1A-4B8B-A45C-3A1DC42EB2FA}.Debug|Any CPU.ActiveCfg = Debug|Any CPU
		{2F7C21D1-5B1A-4B8B-A45C-3A1DC42EB2FA}.Debug|Any CPU.Build.0 = Debug|Any CPU
		{2F7C21D1-5B1A-4B8B-A45C-3A1DC42EB2FA}.Release|Any CPU.ActiveCfg = Release|Any CPU
		{2F7C21D1-5B1A-4B8B-A45C-3A1DC42EB2FA}.Release|Any CPU.Build.0 = Release|Any CPU
		{748E73D4-70F7-4330-9B26-A38ECC8095C4}.Debug|Any CPU.ActiveCfg = Debug|Any CPU
		{748E73D4-70F7-4330-9B26-A38ECC8095C4}.Debug|Any CPU.Build.0 = Debug|Any CPU
		{748E73D4-70F7-4330-9B26-A38ECC8095C4}.Release|Any CPU.ActiveCfg = Release|Any CPU
		{748E73D4-70F7-4330-9B26-A38ECC8095C4}.Release|Any CPU.Build.0 = Release|Any CPU
		{FCC916F0-7A8D-4288-B096-B64486513949}.Debug|Any CPU.ActiveCfg = Debug|Any CPU
		{FCC916F0-7A8D-4288-B096-B64486513949}.Debug|Any CPU.Build.0 = Debug|Any CPU
		{FCC916F0-7A8D-4288-B096-B64486513949}.Release|Any CPU.ActiveCfg = Release|Any CPU
		{FCC916F0-7A8D-4288-B096-B64486513949}.Release|Any CPU.Build.0 = Release|Any CPU
		{F95A4CC9-265B-4F06-BD49-AF173D81DD99}.Debug|Any CPU.ActiveCfg = Debug|Any CPU
		{F95A4CC9-265B-4F06-BD49-AF173D81DD99}.Debug|Any CPU.Build.0 = Debug|Any CPU
		{F95A4CC9-265B-4F06-BD49-AF173D81DD99}.Release|Any CPU.ActiveCfg = Release|Any CPU
		{F95A4CC9-265B-4F06-BD49-AF173D81DD99}.Release|Any CPU.Build.0 = Release|Any CPU
		{3DD38D96-A180-413F-9D91-00721D563E87}.Debug|Any CPU.ActiveCfg = Debug|Any CPU
		{3DD38D96-A180-413F-9D91-00721D563E87}.Debug|Any CPU.Build.0 = Debug|Any CPU
		{3DD38D96-A180-413F-9D91-00721D563E87}.Release|Any CPU.ActiveCfg = Release|Any CPU
		{3DD38D96-A180-413F-9D91-00721D563E87}.Release|Any CPU.Build.0 = Release|Any CPU
		{F911C88B-8697-41ED-8DAA-0B2E5AEEFBA8}.Debug|Any CPU.ActiveCfg = Debug|Any CPU
		{F911C88B-8697-41ED-8DAA-0B2E5AEEFBA8}.Debug|Any CPU.Build.0 = Debug|Any CPU
		{F911C88B-8697-41ED-8DAA-0B2E5AEEFBA8}.Release|Any CPU.ActiveCfg = Release|Any CPU
		{F911C88B-8697-41ED-8DAA-0B2E5AEEFBA8}.Release|Any CPU.Build.0 = Release|Any CPU
		{97B29B28-AD66-4C48-AFCD-DA5061ADCF2D}.Debug|Any CPU.ActiveCfg = Debug|Any CPU
		{97B29B28-AD66-4C48-AFCD-DA5061ADCF2D}.Debug|Any CPU.Build.0 = Debug|Any CPU
		{97B29B28-AD66-4C48-AFCD-DA5061ADCF2D}.Release|Any CPU.ActiveCfg = Release|Any CPU
		{97B29B28-AD66-4C48-AFCD-DA5061ADCF2D}.Release|Any CPU.Build.0 = Release|Any CPU
		{CC18B837-377B-443E-81F6-5C16E32771A6}.Debug|Any CPU.ActiveCfg = Debug|Any CPU
		{CC18B837-377B-443E-81F6-5C16E32771A6}.Debug|Any CPU.Build.0 = Debug|Any CPU
		{CC18B837-377B-443E-81F6-5C16E32771A6}.Release|Any CPU.ActiveCfg = Release|Any CPU
		{CC18B837-377B-443E-81F6-5C16E32771A6}.Release|Any CPU.Build.0 = Release|Any CPU
		{5CA9B6A9-8800-4096-894F-0BB2765BEEBF}.Debug|Any CPU.ActiveCfg = Debug|Any CPU
		{5CA9B6A9-8800-4096-894F-0BB2765BEEBF}.Debug|Any CPU.Build.0 = Debug|Any CPU
		{5CA9B6A9-8800-4096-894F-0BB2765BEEBF}.Release|Any CPU.ActiveCfg = Release|Any CPU
		{5CA9B6A9-8800-4096-894F-0BB2765BEEBF}.Release|Any CPU.Build.0 = Release|Any CPU
		{F7E874FE-C3B8-49FB-9CA4-8EDED1D55CD7}.Debug|Any CPU.ActiveCfg = Debug|Any CPU
		{F7E874FE-C3B8-49FB-9CA4-8EDED1D55CD7}.Debug|Any CPU.Build.0 = Debug|Any CPU
		{F7E874FE-C3B8-49FB-9CA4-8EDED1D55CD7}.Release|Any CPU.ActiveCfg = Release|Any CPU
		{F7E874FE-C3B8-49FB-9CA4-8EDED1D55CD7}.Release|Any CPU.Build.0 = Release|Any CPU
	EndGlobalSection
	GlobalSection(NestedProjects) = preSolution
		{B1FD9BD5-7D1A-4E44-B8BF-F349FD362008} = {CAB45B09-3192-407E-AFAF-251C0CFE7313}
		{2F7C21D1-5B1A-4B8B-A45C-3A1DC42EB2FA} = {B1FD9BD5-7D1A-4E44-B8BF-F349FD362008}
		{748E73D4-70F7-4330-9B26-A38ECC8095C4} = {B1FD9BD5-7D1A-4E44-B8BF-F349FD362008}
		{FCC916F0-7A8D-4288-B096-B64486513949} = {B1FD9BD5-7D1A-4E44-B8BF-F349FD362008}
		{F95A4CC9-265B-4F06-BD49-AF173D81DD99} = {B1FD9BD5-7D1A-4E44-B8BF-F349FD362008}
		{97B29B28-AD66-4C48-AFCD-DA5061ADCF2D} = {B1FD9BD5-7D1A-4E44-B8BF-F349FD362008}
		{6EF5AF5C-4EA7-4F10-B981-30D816307430} = {CAB45B09-3192-407E-AFAF-251C0CFE7313}
		{CC18B837-377B-443E-81F6-5C16E32771A6} = {6EF5AF5C-4EA7-4F10-B981-30D816307430}
		{F7E874FE-C3B8-49FB-9CA4-8EDED1D55CD7} = {B1FD9BD5-7D1A-4E44-B8BF-F349FD362008}
	EndGlobalSection
EndGlobal
